
Microsoft Visual Studio Solution File, Format Version 12.00
# Visual Studio 15
Project("{FAE04EC0-301F-11D3-BF4B-00C04F79EFBC}") = "2d-drone-interface", "2d-drone-interface.csproj", "{0925C263-97E8-AA8F-7BD0-AD9312075069}"
EndProject
Project("{FAE04EC0-301F-11D3-BF4B-00C04F79EFBC}") = "2d-drone-interface.Editor", "2d-drone-interface.Editor.csproj", "{AD0625BE-F1D2-1F29-74FA-75592CB28414}"
EndProject
Global
	GlobalSection(SolutionConfigurationPlatforms) = preSolution
		Debug|Any CPU = Debug|Any CPU
		Release|Any CPU = Release|Any CPU
	EndGlobalSection
	GlobalSection(ProjectConfigurationPlatforms) = postSolution
		{0925C263-97E8-AA8F-7BD0-AD9312075069}.Debug|Any CPU.ActiveCfg = Debug|Any CPU
		{0925C263-97E8-AA8F-7BD0-AD9312075069}.Debug|Any CPU.Build.0 = Debug|Any CPU
		{0925C263-97E8-AA8F-7BD0-AD9312075069}.Release|Any CPU.ActiveCfg = Release|Any CPU
		{0925C263-97E8-AA8F-7BD0-AD9312075069}.Release|Any CPU.Build.0 = Release|Any CPU
		{AD0625BE-F1D2-1F29-74FA-75592CB28414}.Debug|Any CPU.ActiveCfg = Debug|Any CPU
		{AD0625BE-F1D2-1F29-74FA-75592CB28414}.Debug|Any CPU.Build.0 = Debug|Any CPU
		{AD0625BE-F1D2-1F29-74FA-75592CB28414}.Release|Any CPU.ActiveCfg = Release|Any CPU
		{AD0625BE-F1D2-1F29-74FA-75592CB28414}.Release|Any CPU.Build.0 = Release|Any CPU
	EndGlobalSection
	GlobalSection(SolutionProperties) = preSolution
		HideSolutionNode = FALSE
	EndGlobalSection
EndGlobal
